
Microsoft Visual Studio Solution File, Format Version 12.00
# Visual Studio Version 17
VisualStudioVersion = 17.11.35222.181
MinimumVisualStudioVersion = 10.0.40219.1
Project("{FAE04EC0-301F-11D3-BF4B-00C04F79EFBC}") = "UTS_PBO", "UTS_PBO.csproj", "{EDBC7518-0C62-45D4-8479-5996C8FBBAD7}"
EndProject
Global
	GlobalSection(SolutionConfigurationPlatforms) = preSolution
		Debug|Any CPU = Debug|Any CPU
		Release|Any CPU = Release|Any CPU
	EndGlobalSection
	GlobalSection(ProjectConfigurationPlatforms) = postSolution
		{EDBC7518-0C62-45D4-8479-5996C8FBBAD7}.Debug|Any CPU.ActiveCfg = Debug|Any CPU
		{EDBC7518-0C62-45D4-8479-5996C8FBBAD7}.Debug|Any CPU.Build.0 = Debug|Any CPU
		{EDBC7518-0C62-45D4-8479-5996C8FBBAD7}.Release|Any CPU.ActiveCfg = Release|Any CPU
		{EDBC7518-0C62-45D4-8479-5996C8FBBAD7}.Release|Any CPU.Build.0 = Release|Any CPU
	EndGlobalSection
	GlobalSection(SolutionProperties) = preSolution
		HideSolutionNode = FALSE
	EndGlobalSection
	GlobalSection(ExtensibilityGlobals) = postSolution
		SolutionGuid = {A0A62DC2-39C6-4F81-86E2-1AC73BE0C6FC}
	EndGlobalSection
EndGlobal
